
Microsoft Visual Studio Solution File, Format Version 12.00
# Visual Studio Version 17
VisualStudioVersion = 17.3.32929.385
MinimumVisualStudioVersion = 10.0.40219.1
Project("{FAE04EC0-301F-11D3-BF4B-00C04F79EFBC}") = "StringCalculator", "StringCalculator\StringCalculator.csproj", "{4199C1DA-2966-4356-97AD-AD3F92C3B405}"
EndProject
Project("{FAE04EC0-301F-11D3-BF4B-00C04F79EFBC}") = "StringCalculator.test", "StringCalculator.test\StringCalculator.test.csproj", "{A4BC9C21-C966-4547-A2FA-E48AD2F8777B}"
EndProject
Global
	GlobalSection(SolutionConfigurationPlatforms) = preSolution
		Debug|Any CPU = Debug|Any CPU
		Release|Any CPU = Release|Any CPU
	EndGlobalSection
	GlobalSection(ProjectConfigurationPlatforms) = postSolution
		{4199C1DA-2966-4356-97AD-AD3F92C3B405}.Debug|Any CPU.ActiveCfg = Debug|Any CPU
		{4199C1DA-2966-4356-97AD-AD3F92C3B405}.Debug|Any CPU.Build.0 = Debug|Any CPU
		{4199C1DA-2966-4356-97AD-AD3F92C3B405}.Release|Any CPU.ActiveCfg = Release|Any CPU
		{4199C1DA-2966-4356-97AD-AD3F92C3B405}.Release|Any CPU.Build.0 = Release|Any CPU
		{A4BC9C21-C966-4547-A2FA-E48AD2F8777B}.Debug|Any CPU.ActiveCfg = Debug|Any CPU
		{A4BC9C21-C966-4547-A2FA-E48AD2F8777B}.Debug|Any CPU.Build.0 = Debug|Any CPU
		{A4BC9C21-C966-4547-A2FA-E48AD2F8777B}.Release|Any CPU.ActiveCfg = Release|Any CPU
		{A4BC9C21-C966-4547-A2FA-E48AD2F8777B}.Release|Any CPU.Build.0 = Release|Any CPU
	EndGlobalSection
	GlobalSection(SolutionProperties) = preSolution
		HideSolutionNode = FALSE
	EndGlobalSection
	GlobalSection(ExtensibilityGlobals) = postSolution
		SolutionGuid = {1301658E-10D1-4703-9900-B29D3C8BA94C}
	EndGlobalSection
EndGlobal
